version = 1
revision = 2
requires-python = ">=3.13"

[[package]]
name = "rename-files"
version = "0.1.0"
source = { virtual = "." }
dependencies = [
    { name = "transliterate" },
    { name = "translitua" },
]

[package.metadata]
requires-dist = [
    { name = "transliterate", specifier = ">=1.10.2" },
    { name = "translitua", specifier = ">=1.3.2" },
]

[[package]]
name = "six"
version = "1.17.0"
source = { registry = "https://pypi.org/simple" }
sdist = { url = "https://files.pythonhosted.org/packages/94/e7/b2c673351809dca68a0e064b6af791aa332cf192da575fd474ed7d6f16a2/six-1.17.0.tar.gz", hash = "sha256:ff70335d468e7eb6ec65b95b99d3a2836546063f63acc5171de367e834932a81", size = 34031, upload-time = "2024-12-04T17:35:28.174Z" }
wheels = [
    { url = "https://files.pythonhosted.org/packages/b7/ce/149a00dd41f10bc29e5921b496af8b574d8413afcd5e30dfa0ed46c2cc5e/six-1.17.0-py2.py3-none-any.whl", hash = "sha256:4721f391ed90541fddacab5acf947aa0d3dc7d27b2e1e8eda2be8970586c3274", size = 11050, upload-time = "2024-12-04T17:35:26.475Z" },
]

[[package]]
name = "transliterate"
version = "1.10.2"
source = { registry = "https://pypi.org/simple" }
dependencies = [
    { name = "six" },
]
sdist = { url = "https://files.pythonhosted.org/packages/88/e3/84a89c289a5cf00c7aeabfb5a862a6e4cdc25819701cf1c454a18d32ac33/transliterate-1.10.2.tar.gz", hash = "sha256:bc608e0d48e687db9c2b1d7ea7c381afe0d1849cad216087d8e03d8d06a57c85", size = 43088, upload-time = "2018-09-17T20:52:37.984Z" }
wheels = [
    { url = "https://files.pythonhosted.org/packages/a1/6e/9a9d597dbdd6d0172427c8cc07c35736471e631060df9e59eeb87687f817/transliterate-1.10.2-py2.py3-none-any.whl", hash = "sha256:010a5021bf6021689c4fade0985f3f7b3db1f2f16a48a09a56797f171c08ed42", size = 45780, upload-time = "2018-09-17T20:52:40.332Z" },
]

[[package]]
name = "translitua"
version = "1.3.2"
source = { registry = "https://pypi.org/simple" }
sdist = { url = "https://files.pythonhosted.org/packages/6f/fe/75a61be2ecc84cb810fa533582957a81157300382e8589a481d261d0d490/translitua-1.3.2.tar.gz", hash = "sha256:3e7fb82519d0bf2ed93779f2f441113d57b84ffa934d7515b23bf3b0293adbf1", size = 11151, upload-time = "2023-01-19T23:48:56.813Z" }
wheels = [
    { url = "https://files.pythonhosted.org/packages/14/17/ab06c056cb62680832db4e1cc5359514461c36cc251b30b03a62ce4fcf7d/translitua-1.3.2-py2.py3-none-any.whl", hash = "sha256:75d2a4a69b627f3cae2e831c83405cc0b7ee325bbe40be4073a3346c58a7b44c", size = 9090, upload-time = "2023-01-19T23:48:54.819Z" },
]
